
Microsoft Visual Studio Solution File, Format Version 12.00
# Visual Studio 15
VisualStudioVersion = 15.0.28307.572
MinimumVisualStudioVersion = 10.0.40219.1
Project("{FAE04EC0-301F-11D3-BF4B-00C04F79EFBC}") = "ThanksCard1", "ThanksCard1\ThanksCard1.csproj", "{AB0C1D3F-10FD-4F7B-9F6C-57C8477465D5}"
EndProject
Global
	GlobalSection(SolutionConfigurationPlatforms) = preSolution
		Debug|Any CPU = Debug|Any CPU
		Release|Any CPU = Release|Any CPU
	EndGlobalSection
	GlobalSection(ProjectConfigurationPlatforms) = postSolution
		{AB0C1D3F-10FD-4F7B-9F6C-57C8477465D5}.Debug|Any CPU.ActiveCfg = Debug|Any CPU
		{AB0C1D3F-10FD-4F7B-9F6C-57C8477465D5}.Debug|Any CPU.Build.0 = Debug|Any CPU
		{AB0C1D3F-10FD-4F7B-9F6C-57C8477465D5}.Release|Any CPU.ActiveCfg = Release|Any CPU
		{AB0C1D3F-10FD-4F7B-9F6C-57C8477465D5}.Release|Any CPU.Build.0 = Release|Any CPU
	EndGlobalSection
	GlobalSection(SolutionProperties) = preSolution
		HideSolutionNode = FALSE
	EndGlobalSection
	GlobalSection(ExtensibilityGlobals) = postSolution
		SolutionGuid = {4C1F2BEE-9DCD-4082-AD8A-942957026030}
	EndGlobalSection
EndGlobal
